
Microsoft Visual Studio Solution File, Format Version 12.00
# Visual Studio Version 16
VisualStudioVersion = 16.0.32413.511
MinimumVisualStudioVersion = 10.0.40219.1
Project("{FAE04EC0-301F-11D3-BF4B-00C04F79EFBC}") = "StudentuSarasas", "StudentuSarasas.csproj", "{F54917B3-37A8-4E82-B941-393C0E4F7633}"
EndProject
Global
	GlobalSection(SolutionConfigurationPlatforms) = preSolution
		Debug|Any CPU = Debug|Any CPU
		Release|Any CPU = Release|Any CPU
	EndGlobalSection
	GlobalSection(ProjectConfigurationPlatforms) = postSolution
		{F54917B3-37A8-4E82-B941-393C0E4F7633}.Debug|Any CPU.ActiveCfg = Debug|Any CPU
		{F54917B3-37A8-4E82-B941-393C0E4F7633}.Debug|Any CPU.Build.0 = Debug|Any CPU
		{F54917B3-37A8-4E82-B941-393C0E4F7633}.Release|Any CPU.ActiveCfg = Release|Any CPU
		{F54917B3-37A8-4E82-B941-393C0E4F7633}.Release|Any CPU.Build.0 = Release|Any CPU
	EndGlobalSection
	GlobalSection(SolutionProperties) = preSolution
		HideSolutionNode = FALSE
	EndGlobalSection
	GlobalSection(ExtensibilityGlobals) = postSolution
		SolutionGuid = {2711BD13-11D5-4F80-8749-15578D7B76F9}
	EndGlobalSection
EndGlobal
